
Microsoft Visual Studio Solution File, Format Version 12.00
# Visual Studio Version 17
VisualStudioVersion = 17.5.002.0
MinimumVisualStudioVersion = 10.0.40219.1
Project("{9A19103F-16F7-4668-BE54-9A1E7A4F7556}") = "GenerateCsv", "GenerateCsv.csproj", "{B43FA990-3CF1-4292-9E47-6CEF0A998B57}"
EndProject
Global
	GlobalSection(SolutionConfigurationPlatforms) = preSolution
		Debug|Any CPU = Debug|Any CPU
		Release|Any CPU = Release|Any CPU
	EndGlobalSection
	GlobalSection(ProjectConfigurationPlatforms) = postSolution
		{B43FA990-3CF1-4292-9E47-6CEF0A998B57}.Debug|Any CPU.ActiveCfg = Debug|Any CPU
		{B43FA990-3CF1-4292-9E47-6CEF0A998B57}.Debug|Any CPU.Build.0 = Debug|Any CPU
		{B43FA990-3CF1-4292-9E47-6CEF0A998B57}.Release|Any CPU.ActiveCfg = Release|Any CPU
		{B43FA990-3CF1-4292-9E47-6CEF0A998B57}.Release|Any CPU.Build.0 = Release|Any CPU
	EndGlobalSection
	GlobalSection(SolutionProperties) = preSolution
		HideSolutionNode = FALSE
	EndGlobalSection
	GlobalSection(ExtensibilityGlobals) = postSolution
		SolutionGuid = {721D47B6-478F-49A9-9C68-C1A77252E633}
	EndGlobalSection
EndGlobal
